
Microsoft Visual Studio Solution File, Format Version 12.00
# Visual Studio Version 17
VisualStudioVersion = 17.3.32929.385
MinimumVisualStudioVersion = 10.0.40219.1
Project("{8BC9CEB8-8B4A-11D0-8D11-00A0C91BC942}") = "box", "box\box.vcxproj", "{C21CE8CC-4B47-4A9E-AB2B-4A4804CBF0EA}"
EndProject
Project("{8BC9CEB8-8B4A-11D0-8D11-00A0C91BC942}") = "shapes", "shapes\shapes.vcxproj", "{517CFE96-E39C-463F-86C2-1693A3805C67}"
EndProject
Project("{8BC9CEB8-8B4A-11D0-8D11-00A0C91BC942}") = "box2slots", "box2slots\box2slots.vcxproj", "{E57F5365-A70C-4228-A0F1-7DDBB24D6BE4}"
EndProject
Global
	GlobalSection(SolutionConfigurationPlatforms) = preSolution
		Debug|x64 = Debug|x64
		Debug|x86 = Debug|x86
		Release|x64 = Release|x64
		Release|x86 = Release|x86
	EndGlobalSection
	GlobalSection(ProjectConfigurationPlatforms) = postSolution
		{C21CE8CC-4B47-4A9E-AB2B-4A4804CBF0EA}.Debug|x64.ActiveCfg = Debug|x64
		{C21CE8CC-4B47-4A9E-AB2B-4A4804CBF0EA}.Debug|x64.Build.0 = Debug|x64
		{C21CE8CC-4B47-4A9E-AB2B-4A4804CBF0EA}.Debug|x86.ActiveCfg = Debug|Win32
		{C21CE8CC-4B47-4A9E-AB2B-4A4804CBF0EA}.Debug|x86.Build.0 = Debug|Win32
		{C21CE8CC-4B47-4A9E-AB2B-4A4804CBF0EA}.Release|x64.ActiveCfg = Release|x64
		{C21CE8CC-4B47-4A9E-AB2B-4A4804CBF0EA}.Release|x64.Build.0 = Release|x64
		{C21CE8CC-4B47-4A9E-AB2B-4A4804CBF0EA}.Release|x86.ActiveCfg = Release|Win32
		{C21CE8CC-4B47-4A9E-AB2B-4A4804CBF0EA}.Release|x86.Build.0 = Release|Win32
		{517CFE96-E39C-463F-86C2-1693A3805C67}.Debug|x64.ActiveCfg = Debug|x64
		{517CFE96-E39C-463F-86C2-1693A3805C67}.Debug|x64.Build.0 = Debug|x64
		{517CFE96-E39C-463F-86C2-1693A3805C67}.Debug|x86.ActiveCfg = Debug|Win32
		{517CFE96-E39C-463F-86C2-1693A3805C67}.Debug|x86.Build.0 = Debug|Win32
		{517CFE96-E39C-463F-86C2-1693A3805C67}.Release|x64.ActiveCfg = Release|x64
		{517CFE96-E39C-463F-86C2-1693A3805C67}.Release|x64.Build.0 = Release|x64
		{517CFE96-E39C-463F-86C2-1693A3805C67}.Release|x86.ActiveCfg = Release|Win32
		{517CFE96-E39C-463F-86C2-1693A3805C67}.Release|x86.Build.0 = Release|Win32
		{E57F5365-A70C-4228-A0F1-7DDBB24D6BE4}.Debug|x64.ActiveCfg = Debug|x64
		{E57F5365-A70C-4228-A0F1-7DDBB24D6BE4}.Debug|x64.Build.0 = Debug|x64
		{E57F5365-A70C-4228-A0F1-7DDBB24D6BE4}.Debug|x86.ActiveCfg = Debug|Win32
		{E57F5365-A70C-4228-A0F1-7DDBB24D6BE4}.Debug|x86.Build.0 = Debug|Win32
		{E57F5365-A70C-4228-A0F1-7DDBB24D6BE4}.Release|x64.ActiveCfg = Release|x64
		{E57F5365-A70C-4228-A0F1-7DDBB24D6BE4}.Release|x64.Build.0 = Release|x64
		{E57F5365-A70C-4228-A0F1-7DDBB24D6BE4}.Release|x86.ActiveCfg = Release|Win32
		{E57F5365-A70C-4228-A0F1-7DDBB24D6BE4}.Release|x86.Build.0 = Release|Win32
	EndGlobalSection
	GlobalSection(SolutionProperties) = preSolution
		HideSolutionNode = FALSE
	EndGlobalSection
	GlobalSection(ExtensibilityGlobals) = postSolution
		SolutionGuid = {953F0538-0CDF-49C3-B9D1-1FFF7CD21C0D}
	EndGlobalSection
EndGlobal
